
Microsoft Visual Studio Solution File, Format Version 11.00
# Visual Studio 2010
Project("{FAE04EC0-301F-11D3-BF4B-00C04F79EFBC}") = "Assembly-CSharp", "Assembly-CSharp.csproj", "{19E2BF57-2974-0A36-D1CB-75576B7ABAB7}"
EndProject
Project("{FAE04EC0-301F-11D3-BF4B-00C04F79EFBC}") = "Assembly-CSharp-firstpass", "Assembly-CSharp-firstpass.csproj", "{ACFB7F09-FE67-9DB4-087E-817B17CA0653}"
EndProject
Project("{FAE04EC0-301F-11D3-BF4B-00C04F79EFBC}") = "Assembly-CSharp-Editor-firstpass", "Assembly-CSharp-Editor-firstpass.csproj", "{91CF461D-4C1A-35E3-3DC6-A8DB3FE04F49}"
EndProject
Global
	GlobalSection(SolutionConfigurationPlatforms) = preSolution
		Debug|Any CPU = Debug|Any CPU
		Release|Any CPU = Release|Any CPU
	EndGlobalSection
	GlobalSection(ProjectConfigurationPlatforms) = postSolution
		{19E2BF57-2974-0A36-D1CB-75576B7ABAB7}.Debug|Any CPU.ActiveCfg = Debug|Any CPU
		{19E2BF57-2974-0A36-D1CB-75576B7ABAB7}.Debug|Any CPU.Build.0 = Debug|Any CPU
		{19E2BF57-2974-0A36-D1CB-75576B7ABAB7}.Release|Any CPU.ActiveCfg = Release|Any CPU
		{19E2BF57-2974-0A36-D1CB-75576B7ABAB7}.Release|Any CPU.Build.0 = Release|Any CPU
		{ACFB7F09-FE67-9DB4-087E-817B17CA0653}.Debug|Any CPU.ActiveCfg = Debug|Any CPU
		{ACFB7F09-FE67-9DB4-087E-817B17CA0653}.Debug|Any CPU.Build.0 = Debug|Any CPU
		{ACFB7F09-FE67-9DB4-087E-817B17CA0653}.Release|Any CPU.ActiveCfg = Release|Any CPU
		{ACFB7F09-FE67-9DB4-087E-817B17CA0653}.Release|Any CPU.Build.0 = Release|Any CPU
		{91CF461D-4C1A-35E3-3DC6-A8DB3FE04F49}.Debug|Any CPU.ActiveCfg = Debug|Any CPU
		{91CF461D-4C1A-35E3-3DC6-A8DB3FE04F49}.Debug|Any CPU.Build.0 = Debug|Any CPU
		{91CF461D-4C1A-35E3-3DC6-A8DB3FE04F49}.Release|Any CPU.ActiveCfg = Release|Any CPU
		{91CF461D-4C1A-35E3-3DC6-A8DB3FE04F49}.Release|Any CPU.Build.0 = Release|Any CPU
	EndGlobalSection
	GlobalSection(SolutionProperties) = preSolution
		HideSolutionNode = FALSE
	EndGlobalSection
	GlobalSection(MonoDevelopProperties) = preSolution
		StartupItem = Assembly-CSharp.csproj
	EndGlobalSection
EndGlobal
